// !$*UTF8*$!
{
	archiveVersion = 1;
	classes = {
	};
	objectVersion = 50;
	objects = {

/* Begin PBXBuildFile section */
		3C05149821EDA28D005A2362 /* QNLayoutTextVirtualView.m in Sources */ = {isa = PBXBuildFile; fileRef = 3C05149421EDA28C005A2362 /* QNLayoutTextVirtualView.m */; };
		3C05149921EDA28D005A2362 /* QNLayoutVirtualView.m in Sources */ = {isa = PBXBuildFile; fileRef = 3C05149621EDA28D005A2362 /* QNLayoutVirtualView.m */; };
		3C05149A21EDA28D005A2362 /* QNLayoutFixedSizeVirtualView.m in Sources */ = {isa = PBXBuildFile; fileRef = 3C05149721EDA28D005A2362 /* QNLayoutFixedSizeVirtualView.m */; };
		3C0AD586217D83510029F680 /* QNAsyncLayoutTransaction.m in Sources */ = {isa = PBXBuildFile; fileRef = 3C0AD585217D83510029F680 /* QNAsyncLayoutTransaction.m */; };
		3C32B1AA217C4E8200DF30FB /* UIView+ZJ.m in Sources */ = {isa = PBXBuildFile; fileRef = 3C32B1A8217C4E8200DF30FB /* UIView+ZJ.m */; };
		3C32B1AF217C59AA00DF30FB /* moment_picC@2x.png in Resources */ = {isa = PBXBuildFile; fileRef = 3C32B1AC217C59AA00DF30FB /* moment_picC@2x.png */; };
		3C32B1B0217C59AA00DF30FB /* moment_picB@2x.png in Resources */ = {isa = PBXBuildFile; fileRef = 3C32B1AD217C59AA00DF30FB /* moment_picB@2x.png */; };
		3C32B1B1217C59AA00DF30FB /* moment_picA@2x.png in Resources */ = {isa = PBXBuildFile; fileRef = 3C32B1AE217C59AA00DF30FB /* moment_picA@2x.png */; };
		3C35674421CD1D9B006342D8 /* UIView+Chainable.m in Sources */ = {isa = PBXBuildFile; fileRef = 3C35673E21CD1D9B006342D8 /* UIView+Chainable.m */; };
		3C35674521CD1D9B006342D8 /* UIImageView+Chainable.m in Sources */ = {isa = PBXBuildFile; fileRef = 3C35674021CD1D9B006342D8 /* UIImageView+Chainable.m */; };
		3C35674621CD1D9B006342D8 /* UILabel+Chainable.m in Sources */ = {isa = PBXBuildFile; fileRef = 3C35674121CD1D9B006342D8 /* UILabel+Chainable.m */; };
		3C35674721CD1D9B006342D8 /* UIButton+Chainable.m in Sources */ = {isa = PBXBuildFile; fileRef = 3C35674321CD1D9B006342D8 /* UIButton+Chainable.m */; };
		3C6DE0232165ADFF00BDC6E6 /* QNBaseDataModel.m in Sources */ = {isa = PBXBuildFile; fileRef = 3C6DE0222165ADFF00BDC6E6 /* QNBaseDataModel.m */; };
		3C6DE0262165AF0700BDC6E6 /* QNBaseModel.m in Sources */ = {isa = PBXBuildFile; fileRef = 3C6DE0252165AF0700BDC6E6 /* QNBaseModel.m */; };
		3CD840832184125C0037E673 /* QNBaseLayoutModel.m in Sources */ = {isa = PBXBuildFile; fileRef = 3CD840822184125C0037E673 /* QNBaseLayoutModel.m */; };
		3CD84086218414FE0037E673 /* QNFeedViewLayoutModel.m in Sources */ = {isa = PBXBuildFile; fileRef = 3CD84085218414FE0037E673 /* QNFeedViewLayoutModel.m */; };
		3CF7BB352198046F00BE74CD /* news_logo.jpg in Resources */ = {isa = PBXBuildFile; fileRef = 3CF7BB342198046F00BE74CD /* news_logo.jpg */; };
		61062F55215B505300C279D9 /* UIView+QNLayout.m in Sources */ = {isa = PBXBuildFile; fileRef = 61062F54215B505300C279D9 /* UIView+QNLayout.m */; };
		61062F64215B57B100C279D9 /* QNViewModelItem.m in Sources */ = {isa = PBXBuildFile; fileRef = 61062F5A215B57B100C279D9 /* QNViewModelItem.m */; };
		61062F65215B57B100C279D9 /* QNBaseView.m in Sources */ = {isa = PBXBuildFile; fileRef = 61062F5E215B57B100C279D9 /* QNBaseView.m */; };
		61062F66215B57B100C279D9 /* QNBaseViewModel.m in Sources */ = {isa = PBXBuildFile; fileRef = 61062F61215B57B100C279D9 /* QNBaseViewModel.m */; };
		61062F6A215B592E00C279D9 /* QNFeedModel.m in Sources */ = {isa = PBXBuildFile; fileRef = 61062F69215B592E00C279D9 /* QNFeedModel.m */; };
		61062F6D215B599600C279D9 /* QNFeedViewDataModel.m in Sources */ = {isa = PBXBuildFile; fileRef = 61062F6C215B599600C279D9 /* QNFeedViewDataModel.m */; };
		61062F70215B59F700C279D9 /* QNFeedViewModel.m in Sources */ = {isa = PBXBuildFile; fileRef = 61062F6F215B59F700C279D9 /* QNFeedViewModel.m */; };
		61062F73215B5A3700C279D9 /* QNFeedView.m in Sources */ = {isa = PBXBuildFile; fileRef = 61062F72215B5A3700C279D9 /* QNFeedView.m */; };
		61062F75215B5B1600C279D9 /* data.json in Resources */ = {isa = PBXBuildFile; fileRef = 61062F74215B5B1600C279D9 /* data.json */; };
		617974CE21549FDE00142DD9 /* AppDelegate.m in Sources */ = {isa = PBXBuildFile; fileRef = 617974CD21549FDE00142DD9 /* AppDelegate.m */; };
		617974D121549FDE00142DD9 /* ViewController.m in Sources */ = {isa = PBXBuildFile; fileRef = 617974D021549FDE00142DD9 /* ViewController.m */; };
		617974D421549FDE00142DD9 /* Main.storyboard in Resources */ = {isa = PBXBuildFile; fileRef = 617974D221549FDE00142DD9 /* Main.storyboard */; };
		617974D721549FDE00142DD9 /* QNYGKit.xcdatamodeld in Sources */ = {isa = PBXBuildFile; fileRef = 617974D521549FDE00142DD9 /* QNYGKit.xcdatamodeld */; };
		617974D921549FE000142DD9 /* Assets.xcassets in Resources */ = {isa = PBXBuildFile; fileRef = 617974D821549FE000142DD9 /* Assets.xcassets */; };
		617974DC21549FE000142DD9 /* LaunchScreen.storyboard in Resources */ = {isa = PBXBuildFile; fileRef = 617974DA21549FE000142DD9 /* LaunchScreen.storyboard */; };
		617974DF21549FE000142DD9 /* main.m in Sources */ = {isa = PBXBuildFile; fileRef = 617974DE21549FE000142DD9 /* main.m */; };
		617974E921549FE000142DD9 /* QNYGKitTests.m in Sources */ = {isa = PBXBuildFile; fileRef = 617974E821549FE000142DD9 /* QNYGKitTests.m */; };
		617974F421549FE000142DD9 /* QNYGKitUITests.m in Sources */ = {isa = PBXBuildFile; fileRef = 617974F321549FE000142DD9 /* QNYGKitUITests.m */; };
		617975082154A10E00142DD9 /* YGNodeList.c in Sources */ = {isa = PBXBuildFile; fileRef = 617975032154A10D00142DD9 /* YGNodeList.c */; };
		617975092154A10E00142DD9 /* Yoga.c in Sources */ = {isa = PBXBuildFile; fileRef = 617975052154A10D00142DD9 /* Yoga.c */; };
		6179750C2154A18E00142DD9 /* QNLayout.m in Sources */ = {isa = PBXBuildFile; fileRef = 6179750B2154A18E00142DD9 /* QNLayout.m */; };
		617975102154A45100142DD9 /* QNLayoutCache.m in Sources */ = {isa = PBXBuildFile; fileRef = 6179750F2154A45100142DD9 /* QNLayoutCache.m */; };
/* End PBXBuildFile section */

/* Begin PBXContainerItemProxy section */
		617974E521549FE000142DD9 /* PBXContainerItemProxy */ = {
			isa = PBXContainerItemProxy;
			containerPortal = 617974C121549FDE00142DD9 /* Project object */;
			proxyType = 1;
			remoteGlobalIDString = 617974C821549FDE00142DD9;
			remoteInfo = QNYGKit;
		};
		617974F021549FE000142DD9 /* PBXContainerItemProxy */ = {
			isa = PBXContainerItemProxy;
			containerPortal = 617974C121549FDE00142DD9 /* Project object */;
			proxyType = 1;
			remoteGlobalIDString = 617974C821549FDE00142DD9;
			remoteInfo = QNYGKit;
		};
/* End PBXContainerItemProxy section */

/* Begin PBXFileReference section */
		3C05149221EDA28C005A2362 /* QNLayoutVirtualView.h */ = {isa = PBXFileReference; fileEncoding = 4; lastKnownFileType = sourcecode.c.h; path = QNLayoutVirtualView.h; sourceTree = "<group>"; };
		3C05149321EDA28C005A2362 /* QNLayoutTextVirtualView.h */ = {isa = PBXFileReference; fileEncoding = 4; lastKnownFileType = sourcecode.c.h; path = QNLayoutTextVirtualView.h; sourceTree = "<group>"; };
		3C05149421EDA28C005A2362 /* QNLayoutTextVirtualView.m */ = {isa = PBXFileReference; fileEncoding = 4; lastKnownFileType = sourcecode.c.objc; path = QNLayoutTextVirtualView.m; sourceTree = "<group>"; };
		3C05149521EDA28C005A2362 /* QNLayoutFixedSizeVirtualView.h */ = {isa = PBXFileReference; fileEncoding = 4; lastKnownFileType = sourcecode.c.h; path = QNLayoutFixedSizeVirtualView.h; sourceTree = "<group>"; };
		3C05149621EDA28D005A2362 /* QNLayoutVirtualView.m */ = {isa = PBXFileReference; fileEncoding = 4; lastKnownFileType = sourcecode.c.objc; path = QNLayoutVirtualView.m; sourceTree = "<group>"; };
		3C05149721EDA28D005A2362 /* QNLayoutFixedSizeVirtualView.m */ = {isa = PBXFileReference; fileEncoding = 4; lastKnownFileType = sourcecode.c.objc; path = QNLayoutFixedSizeVirtualView.m; sourceTree = "<group>"; };
		3C0AD584217D83510029F680 /* QNAsyncLayoutTransaction.h */ = {isa = PBXFileReference; fileEncoding = 4; lastKnownFileType = sourcecode.c.h; path = QNAsyncLayoutTransaction.h; sourceTree = "<group>"; };
		3C0AD585217D83510029F680 /* QNAsyncLayoutTransaction.m */ = {isa = PBXFileReference; fileEncoding = 4; lastKnownFileType = sourcecode.c.objc; path = QNAsyncLayoutTransaction.m; sourceTree = "<group>"; };
		3C2FEC6F217B625C0046ED62 /* QNLayoutCalProtocol.h */ = {isa = PBXFileReference; lastKnownFileType = sourcecode.c.h; path = QNLayoutCalProtocol.h; sourceTree = "<group>"; };
		3C32B1A8217C4E8200DF30FB /* UIView+ZJ.m */ = {isa = PBXFileReference; fileEncoding = 4; lastKnownFileType = sourcecode.c.objc; path = "UIView+ZJ.m"; sourceTree = "<group>"; };
		3C32B1A9217C4E8200DF30FB /* UIView+ZJ.h */ = {isa = PBXFileReference; fileEncoding = 4; lastKnownFileType = sourcecode.c.h; path = "UIView+ZJ.h"; sourceTree = "<group>"; };
		3C32B1AC217C59AA00DF30FB /* moment_picC@2x.png */ = {isa = PBXFileReference; lastKnownFileType = image.png; path = "moment_picC@2x.png"; sourceTree = "<group>"; };
		3C32B1AD217C59AA00DF30FB /* moment_picB@2x.png */ = {isa = PBXFileReference; lastKnownFileType = image.png; path = "moment_picB@2x.png"; sourceTree = "<group>"; };
		3C32B1AE217C59AA00DF30FB /* moment_picA@2x.png */ = {isa = PBXFileReference; lastKnownFileType = image.png; path = "moment_picA@2x.png"; sourceTree = "<group>"; };
		3C35673B21CD1D9B006342D8 /* QNLayoutDef.h */ = {isa = PBXFileReference; fileEncoding = 4; lastKnownFileType = sourcecode.c.h; path = QNLayoutDef.h; sourceTree = "<group>"; };
		3C35673C21CD1D9B006342D8 /* UILabel+Chainable.h */ = {isa = PBXFileReference; fileEncoding = 4; lastKnownFileType = sourcecode.c.h; path = "UILabel+Chainable.h"; sourceTree = "<group>"; };
		3C35673D21CD1D9B006342D8 /* UIImageView+Chainable.h */ = {isa = PBXFileReference; fileEncoding = 4; lastKnownFileType = sourcecode.c.h; path = "UIImageView+Chainable.h"; sourceTree = "<group>"; };
		3C35673E21CD1D9B006342D8 /* UIView+Chainable.m */ = {isa = PBXFileReference; fileEncoding = 4; lastKnownFileType = sourcecode.c.objc; path = "UIView+Chainable.m"; sourceTree = "<group>"; };
		3C35673F21CD1D9B006342D8 /* UIView+Chainable.h */ = {isa = PBXFileReference; fileEncoding = 4; lastKnownFileType = sourcecode.c.h; path = "UIView+Chainable.h"; sourceTree = "<group>"; };
		3C35674021CD1D9B006342D8 /* UIImageView+Chainable.m */ = {isa = PBXFileReference; fileEncoding = 4; lastKnownFileType = sourcecode.c.objc; path = "UIImageView+Chainable.m"; sourceTree = "<group>"; };
		3C35674121CD1D9B006342D8 /* UILabel+Chainable.m */ = {isa = PBXFileReference; fileEncoding = 4; lastKnownFileType = sourcecode.c.objc; path = "UILabel+Chainable.m"; sourceTree = "<group>"; };
		3C35674221CD1D9B006342D8 /* UIButton+Chainable.h */ = {isa = PBXFileReference; fileEncoding = 4; lastKnownFileType = sourcecode.c.h; path = "UIButton+Chainable.h"; sourceTree = "<group>"; };
		3C35674321CD1D9B006342D8 /* UIButton+Chainable.m */ = {isa = PBXFileReference; fileEncoding = 4; lastKnownFileType = sourcecode.c.objc; path = "UIButton+Chainable.m"; sourceTree = "<group>"; };
		3C3BC96E21D783EC0097CE4F /* QNYGKit.h */ = {isa = PBXFileReference; lastKnownFileType = sourcecode.c.h; path = QNYGKit.h; sourceTree = "<group>"; };
		3C6DE0212165ADFF00BDC6E6 /* QNBaseDataModel.h */ = {isa = PBXFileReference; lastKnownFileType = sourcecode.c.h; path = QNBaseDataModel.h; sourceTree = "<group>"; };
		3C6DE0222165ADFF00BDC6E6 /* QNBaseDataModel.m */ = {isa = PBXFileReference; lastKnownFileType = sourcecode.c.objc; path = QNBaseDataModel.m; sourceTree = "<group>"; };
		3C6DE0242165AF0700BDC6E6 /* QNBaseModel.h */ = {isa = PBXFileReference; lastKnownFileType = sourcecode.c.h; path = QNBaseModel.h; sourceTree = "<group>"; };
		3C6DE0252165AF0700BDC6E6 /* QNBaseModel.m */ = {isa = PBXFileReference; lastKnownFileType = sourcecode.c.objc; path = QNBaseModel.m; sourceTree = "<group>"; };
		3C6DE02A2165EEF300BDC6E6 /* QNViewModelProtocol.h */ = {isa = PBXFileReference; lastKnownFileType = sourcecode.c.h; path = QNViewModelProtocol.h; sourceTree = "<group>"; };
		3CD84080218412220037E673 /* QNLayoutModelProtocol.h */ = {isa = PBXFileReference; lastKnownFileType = sourcecode.c.h; path = QNLayoutModelProtocol.h; sourceTree = "<group>"; };
		3CD840812184125C0037E673 /* QNBaseLayoutModel.h */ = {isa = PBXFileReference; lastKnownFileType = sourcecode.c.h; path = QNBaseLayoutModel.h; sourceTree = "<group>"; };
		3CD840822184125C0037E673 /* QNBaseLayoutModel.m */ = {isa = PBXFileReference; lastKnownFileType = sourcecode.c.objc; path = QNBaseLayoutModel.m; sourceTree = "<group>"; };
		3CD84084218414FE0037E673 /* QNFeedViewLayoutModel.h */ = {isa = PBXFileReference; lastKnownFileType = sourcecode.c.h; path = QNFeedViewLayoutModel.h; sourceTree = "<group>"; };
		3CD84085218414FE0037E673 /* QNFeedViewLayoutModel.m */ = {isa = PBXFileReference; lastKnownFileType = sourcecode.c.objc; path = QNFeedViewLayoutModel.m; sourceTree = "<group>"; };
		3CF7BB342198046F00BE74CD /* news_logo.jpg */ = {isa = PBXFileReference; lastKnownFileType = image.jpeg; path = news_logo.jpg; sourceTree = "<group>"; };
		61062F52215B500D00C279D9 /* QNLayout+Private.h */ = {isa = PBXFileReference; fileEncoding = 4; lastKnownFileType = sourcecode.c.h; path = "QNLayout+Private.h"; sourceTree = "<group>"; };
		61062F53215B505300C279D9 /* UIView+QNLayout.h */ = {isa = PBXFileReference; fileEncoding = 4; lastKnownFileType = sourcecode.c.h; path = "UIView+QNLayout.h"; sourceTree = "<group>"; };
		61062F54215B505300C279D9 /* UIView+QNLayout.m */ = {isa = PBXFileReference; fileEncoding = 4; lastKnownFileType = sourcecode.c.objc; path = "UIView+QNLayout.m"; sourceTree = "<group>"; };
		61062F5A215B57B100C279D9 /* QNViewModelItem.m */ = {isa = PBXFileReference; fileEncoding = 4; lastKnownFileType = sourcecode.c.objc; path = QNViewModelItem.m; sourceTree = "<group>"; };
		61062F5B215B57B100C279D9 /* QNViewProtocol.h */ = {isa = PBXFileReference; fileEncoding = 4; lastKnownFileType = sourcecode.c.h; path = QNViewProtocol.h; sourceTree = "<group>"; };
		61062F5C215B57B100C279D9 /* QNViewModelItem.h */ = {isa = PBXFileReference; fileEncoding = 4; lastKnownFileType = sourcecode.c.h; path = QNViewModelItem.h; sourceTree = "<group>"; };
		61062F5D215B57B100C279D9 /* QNBaseView.h */ = {isa = PBXFileReference; fileEncoding = 4; lastKnownFileType = sourcecode.c.h; path = QNBaseView.h; sourceTree = "<group>"; };
		61062F5E215B57B100C279D9 /* QNBaseView.m */ = {isa = PBXFileReference; fileEncoding = 4; lastKnownFileType = sourcecode.c.objc; path = QNBaseView.m; sourceTree = "<group>"; };
		61062F5F215B57B100C279D9 /* QNDataModelProtocol.h */ = {isa = PBXFileReference; fileEncoding = 4; lastKnownFileType = sourcecode.c.h; path = QNDataModelProtocol.h; sourceTree = "<group>"; };
		61062F60215B57B100C279D9 /* QNBaseViewModel.h */ = {isa = PBXFileReference; fileEncoding = 4; lastKnownFileType = sourcecode.c.h; path = QNBaseViewModel.h; sourceTree = "<group>"; };
		61062F61215B57B100C279D9 /* QNBaseViewModel.m */ = {isa = PBXFileReference; fileEncoding = 4; lastKnownFileType = sourcecode.c.objc; path = QNBaseViewModel.m; sourceTree = "<group>"; };
		61062F63215B57B100C279D9 /* QNModelProtocol.h */ = {isa = PBXFileReference; fileEncoding = 4; lastKnownFileType = sourcecode.c.h; path = QNModelProtocol.h; sourceTree = "<group>"; };
		61062F68215B592E00C279D9 /* QNFeedModel.h */ = {isa = PBXFileReference; lastKnownFileType = sourcecode.c.h; path = QNFeedModel.h; sourceTree = "<group>"; };
		61062F69215B592E00C279D9 /* QNFeedModel.m */ = {isa = PBXFileReference; lastKnownFileType = sourcecode.c.objc; path = QNFeedModel.m; sourceTree = "<group>"; };
		61062F6B215B599600C279D9 /* QNFeedViewDataModel.h */ = {isa = PBXFileReference; lastKnownFileType = sourcecode.c.h; path = QNFeedViewDataModel.h; sourceTree = "<group>"; };
		61062F6C215B599600C279D9 /* QNFeedViewDataModel.m */ = {isa = PBXFileReference; lastKnownFileType = sourcecode.c.objc; path = QNFeedViewDataModel.m; sourceTree = "<group>"; };
		61062F6E215B59F700C279D9 /* QNFeedViewModel.h */ = {isa = PBXFileReference; lastKnownFileType = sourcecode.c.h; path = QNFeedViewModel.h; sourceTree = "<group>"; };
		61062F6F215B59F700C279D9 /* QNFeedViewModel.m */ = {isa = PBXFileReference; lastKnownFileType = sourcecode.c.objc; path = QNFeedViewModel.m; sourceTree = "<group>"; };
		61062F71215B5A3700C279D9 /* QNFeedView.h */ = {isa = PBXFileReference; lastKnownFileType = sourcecode.c.h; path = QNFeedView.h; sourceTree = "<group>"; };
		61062F72215B5A3700C279D9 /* QNFeedView.m */ = {isa = PBXFileReference; lastKnownFileType = sourcecode.c.objc; path = QNFeedView.m; sourceTree = "<group>"; };
		61062F74215B5B1600C279D9 /* data.json */ = {isa = PBXFileReference; fileEncoding = 4; lastKnownFileType = text.json; path = data.json; sourceTree = "<group>"; };
		617974C921549FDE00142DD9 /* QNYGKit.app */ = {isa = PBXFileReference; explicitFileType = wrapper.application; includeInIndex = 0; path = QNYGKit.app; sourceTree = BUILT_PRODUCTS_DIR; };
		617974CC21549FDE00142DD9 /* AppDelegate.h */ = {isa = PBXFileReference; lastKnownFileType = sourcecode.c.h; path = AppDelegate.h; sourceTree = "<group>"; };
		617974CD21549FDE00142DD9 /* AppDelegate.m */ = {isa = PBXFileReference; lastKnownFileType = sourcecode.c.objc; path = AppDelegate.m; sourceTree = "<group>"; };
		617974CF21549FDE00142DD9 /* ViewController.h */ = {isa = PBXFileReference; lastKnownFileType = sourcecode.c.h; path = ViewController.h; sourceTree = "<group>"; };
		617974D021549FDE00142DD9 /* ViewController.m */ = {isa = PBXFileReference; lastKnownFileType = sourcecode.c.objc; path = ViewController.m; sourceTree = "<group>"; };
		617974D321549FDE00142DD9 /* Base */ = {isa = PBXFileReference; lastKnownFileType = file.storyboard; name = Base; path = Base.lproj/Main.storyboard; sourceTree = "<group>"; };
		617974D621549FDE00142DD9 /* QNYGKit.xcdatamodel */ = {isa = PBXFileReference; lastKnownFileType = wrapper.xcdatamodel; path = QNYGKit.xcdatamodel; sourceTree = "<group>"; };
		617974D821549FE000142DD9 /* Assets.xcassets */ = {isa = PBXFileReference; lastKnownFileType = folder.assetcatalog; path = Assets.xcassets; sourceTree = "<group>"; };
		617974DB21549FE000142DD9 /* Base */ = {isa = PBXFileReference; lastKnownFileType = file.storyboard; name = Base; path = Base.lproj/LaunchScreen.storyboard; sourceTree = "<group>"; };
		617974DD21549FE000142DD9 /* Info.plist */ = {isa = PBXFileReference; lastKnownFileType = text.plist.xml; path = Info.plist; sourceTree = "<group>"; };
		617974DE21549FE000142DD9 /* main.m */ = {isa = PBXFileReference; lastKnownFileType = sourcecode.c.objc; path = main.m; sourceTree = "<group>"; };
		617974E421549FE000142DD9 /* QNYGKitTests.xctest */ = {isa = PBXFileReference; explicitFileType = wrapper.cfbundle; includeInIndex = 0; path = QNYGKitTests.xctest; sourceTree = BUILT_PRODUCTS_DIR; };
		617974E821549FE000142DD9 /* QNYGKitTests.m */ = {isa = PBXFileReference; lastKnownFileType = sourcecode.c.objc; path = QNYGKitTests.m; sourceTree = "<group>"; };
		617974EA21549FE000142DD9 /* Info.plist */ = {isa = PBXFileReference; lastKnownFileType = text.plist.xml; path = Info.plist; sourceTree = "<group>"; };
		617974EF21549FE000142DD9 /* QNYGKitUITests.xctest */ = {isa = PBXFileReference; explicitFileType = wrapper.cfbundle; includeInIndex = 0; path = QNYGKitUITests.xctest; sourceTree = BUILT_PRODUCTS_DIR; };
		617974F321549FE000142DD9 /* QNYGKitUITests.m */ = {isa = PBXFileReference; lastKnownFileType = sourcecode.c.objc; path = QNYGKitUITests.m; sourceTree = "<group>"; };
		617974F521549FE000142DD9 /* Info.plist */ = {isa = PBXFileReference; lastKnownFileType = text.plist.xml; path = Info.plist; sourceTree = "<group>"; };
		617975022154A10D00142DD9 /* Yoga.h */ = {isa = PBXFileReference; fileEncoding = 4; lastKnownFileType = sourcecode.c.h; path = Yoga.h; sourceTree = "<group>"; };
		617975032154A10D00142DD9 /* YGNodeList.c */ = {isa = PBXFileReference; fileEncoding = 4; lastKnownFileType = sourcecode.c.c; path = YGNodeList.c; sourceTree = "<group>"; };
		617975042154A10D00142DD9 /* YGEnums.h */ = {isa = PBXFileReference; fileEncoding = 4; lastKnownFileType = sourcecode.c.h; path = YGEnums.h; sourceTree = "<group>"; };
		617975052154A10D00142DD9 /* Yoga.c */ = {isa = PBXFileReference; fileEncoding = 4; lastKnownFileType = sourcecode.c.c; path = Yoga.c; sourceTree = "<group>"; };
		617975062154A10D00142DD9 /* YGNodeList.h */ = {isa = PBXFileReference; fileEncoding = 4; lastKnownFileType = sourcecode.c.h; path = YGNodeList.h; sourceTree = "<group>"; };
		617975072154A10E00142DD9 /* YGMacros.h */ = {isa = PBXFileReference; fileEncoding = 4; lastKnownFileType = sourcecode.c.h; path = YGMacros.h; sourceTree = "<group>"; };
		6179750A2154A18E00142DD9 /* QNLayout.h */ = {isa = PBXFileReference; lastKnownFileType = sourcecode.c.h; path = QNLayout.h; sourceTree = "<group>"; };
		6179750B2154A18E00142DD9 /* QNLayout.m */ = {isa = PBXFileReference; lastKnownFileType = sourcecode.c.objc; path = QNLayout.m; sourceTree = "<group>"; };
		6179750D2154A43700142DD9 /* QNLayoutProtocol.h */ = {isa = PBXFileReference; lastKnownFileType = sourcecode.c.h; path = QNLayoutProtocol.h; sourceTree = "<group>"; };
		6179750E2154A45100142DD9 /* QNLayoutCache.h */ = {isa = PBXFileReference; lastKnownFileType = sourcecode.c.h; path = QNLayoutCache.h; sourceTree = "<group>"; };
		6179750F2154A45100142DD9 /* QNLayoutCache.m */ = {isa = PBXFileReference; lastKnownFileType = sourcecode.c.objc; path = QNLayoutCache.m; sourceTree = "<group>"; };
/* End PBXFileReference section */

/* Begin PBXFrameworksBuildPhase section */
		617974C621549FDE00142DD9 /* Frameworks */ = {
			isa = PBXFrameworksBuildPhase;
			buildActionMask = 2147483647;
			files = (
			);
			runOnlyForDeploymentPostprocessing = 0;
		};
		617974E121549FE000142DD9 /* Frameworks */ = {
			isa = PBXFrameworksBuildPhase;
			buildActionMask = 2147483647;
			files = (
			);
			runOnlyForDeploymentPostprocessing = 0;
		};
		617974EC21549FE000142DD9 /* Frameworks */ = {
			isa = PBXFrameworksBuildPhase;
			buildActionMask = 2147483647;
			files = (
			);
			runOnlyForDeploymentPostprocessing = 0;
		};
/* End PBXFrameworksBuildPhase section */

/* Begin PBXGroup section */
		3C32B1AB217C58AB00DF30FB /* Images */ = {
			isa = PBXGroup;
			children = (
				3CF7BB342198046F00BE74CD /* news_logo.jpg */,
				3C32B1AE217C59AA00DF30FB /* moment_picA@2x.png */,
				3C32B1AD217C59AA00DF30FB /* moment_picB@2x.png */,
				3C32B1AC217C59AA00DF30FB /* moment_picC@2x.png */,
			);
			path = Images;
			sourceTree = "<group>";
		};
		3C32B1B2217C9B4A00DF30FB /* Utils */ = {
			isa = PBXGroup;
			children = (
				3C32B1A9217C4E8200DF30FB /* UIView+ZJ.h */,
				3C32B1A8217C4E8200DF30FB /* UIView+ZJ.m */,
			);
			path = Utils;
			sourceTree = "<group>";
		};
		3C35673A21CD1D78006342D8 /* Chainable */ = {
			isa = PBXGroup;
			children = (
				3C35673B21CD1D9B006342D8 /* QNLayoutDef.h */,
				3C35673F21CD1D9B006342D8 /* UIView+Chainable.h */,
				3C35673E21CD1D9B006342D8 /* UIView+Chainable.m */,
				3C35673C21CD1D9B006342D8 /* UILabel+Chainable.h */,
				3C35674121CD1D9B006342D8 /* UILabel+Chainable.m */,
				3C35674221CD1D9B006342D8 /* UIButton+Chainable.h */,
				3C35674321CD1D9B006342D8 /* UIButton+Chainable.m */,
				3C35673D21CD1D9B006342D8 /* UIImageView+Chainable.h */,
				3C35674021CD1D9B006342D8 /* UIImageView+Chainable.m */,
			);
			path = Chainable;
			sourceTree = "<group>";
		};
		61062F59215B579200C279D9 /* QNLayoutBase */ = {
			isa = PBXGroup;
			children = (
				61062F63215B57B100C279D9 /* QNModelProtocol.h */,
				3C6DE0242165AF0700BDC6E6 /* QNBaseModel.h */,
				3C6DE0252165AF0700BDC6E6 /* QNBaseModel.m */,
				61062F5B215B57B100C279D9 /* QNViewProtocol.h */,
				61062F5D215B57B100C279D9 /* QNBaseView.h */,
				61062F5E215B57B100C279D9 /* QNBaseView.m */,
				61062F5F215B57B100C279D9 /* QNDataModelProtocol.h */,
				3C6DE0212165ADFF00BDC6E6 /* QNBaseDataModel.h */,
				3C6DE0222165ADFF00BDC6E6 /* QNBaseDataModel.m */,
				3C6DE02A2165EEF300BDC6E6 /* QNViewModelProtocol.h */,
				61062F60215B57B100C279D9 /* QNBaseViewModel.h */,
				61062F61215B57B100C279D9 /* QNBaseViewModel.m */,
				61062F5C215B57B100C279D9 /* QNViewModelItem.h */,
				61062F5A215B57B100C279D9 /* QNViewModelItem.m */,
				3CD84080218412220037E673 /* QNLayoutModelProtocol.h */,
				3CD840812184125C0037E673 /* QNBaseLayoutModel.h */,
				3CD840822184125C0037E673 /* QNBaseLayoutModel.m */,
			);
			path = QNLayoutBase;
			sourceTree = "<group>";
		};
		61062F67215B590100C279D9 /* QNFeed */ = {
			isa = PBXGroup;
			children = (
				61062F74215B5B1600C279D9 /* data.json */,
				61062F68215B592E00C279D9 /* QNFeedModel.h */,
				61062F69215B592E00C279D9 /* QNFeedModel.m */,
				61062F6B215B599600C279D9 /* QNFeedViewDataModel.h */,
				61062F6C215B599600C279D9 /* QNFeedViewDataModel.m */,
				3CD84084218414FE0037E673 /* QNFeedViewLayoutModel.h */,
				3CD84085218414FE0037E673 /* QNFeedViewLayoutModel.m */,
				61062F6E215B59F700C279D9 /* QNFeedViewModel.h */,
				61062F6F215B59F700C279D9 /* QNFeedViewModel.m */,
				61062F71215B5A3700C279D9 /* QNFeedView.h */,
				61062F72215B5A3700C279D9 /* QNFeedView.m */,
			);
			path = QNFeed;
			sourceTree = "<group>";
		};
		61062F76215B607800C279D9 /* QNFlexBoxLayout */ = {
			isa = PBXGroup;
			children = (
				3C3BC96E21D783EC0097CE4F /* QNYGKit.h */,
				3C35673A21CD1D78006342D8 /* Chainable */,
				61062F77215B609500C279D9 /* Yoga */,
				61062F78215B60C500C279D9 /* Layout */,
			);
			path = QNFlexBoxLayout;
			sourceTree = "<group>";
		};
		61062F77215B609500C279D9 /* Yoga */ = {
			isa = PBXGroup;
			children = (
				617975042154A10D00142DD9 /* YGEnums.h */,
				617975072154A10E00142DD9 /* YGMacros.h */,
				617975032154A10D00142DD9 /* YGNodeList.c */,
				617975062154A10D00142DD9 /* YGNodeList.h */,
				617975052154A10D00142DD9 /* Yoga.c */,
				617975022154A10D00142DD9 /* Yoga.h */,
			);
			path = Yoga;
			sourceTree = "<group>";
		};
		61062F78215B60C500C279D9 /* Layout */ = {
			isa = PBXGroup;
			children = (
				3C0AD584217D83510029F680 /* QNAsyncLayoutTransaction.h */,
				3C0AD585217D83510029F680 /* QNAsyncLayoutTransaction.m */,
				61062F52215B500D00C279D9 /* QNLayout+Private.h */,
				6179750D2154A43700142DD9 /* QNLayoutProtocol.h */,
				3C2FEC6F217B625C0046ED62 /* QNLayoutCalProtocol.h */,
				6179750E2154A45100142DD9 /* QNLayoutCache.h */,
				6179750F2154A45100142DD9 /* QNLayoutCache.m */,
				6179750A2154A18E00142DD9 /* QNLayout.h */,
				6179750B2154A18E00142DD9 /* QNLayout.m */,
				61062F53215B505300C279D9 /* UIView+QNLayout.h */,
				61062F54215B505300C279D9 /* UIView+QNLayout.m */,
				3C05149221EDA28C005A2362 /* QNLayoutVirtualView.h */,
				3C05149621EDA28D005A2362 /* QNLayoutVirtualView.m */,
				3C05149321EDA28C005A2362 /* QNLayoutTextVirtualView.h */,
				3C05149421EDA28C005A2362 /* QNLayoutTextVirtualView.m */,
				3C05149521EDA28C005A2362 /* QNLayoutFixedSizeVirtualView.h */,
				3C05149721EDA28D005A2362 /* QNLayoutFixedSizeVirtualView.m */,
			);
			path = Layout;
			sourceTree = "<group>";
		};
		617974C021549FDE00142DD9 = {
			isa = PBXGroup;
			children = (
				617974CB21549FDE00142DD9 /* QNYGKit */,
				617974E721549FE000142DD9 /* QNYGKitTests */,
				617974F221549FE000142DD9 /* QNYGKitUITests */,
				617974CA21549FDE00142DD9 /* Products */,
			);
			sourceTree = "<group>";
		};
		617974CA21549FDE00142DD9 /* Products */ = {
			isa = PBXGroup;
			children = (
				617974C921549FDE00142DD9 /* QNYGKit.app */,
				617974E421549FE000142DD9 /* QNYGKitTests.xctest */,
				617974EF21549FE000142DD9 /* QNYGKitUITests.xctest */,
			);
			name = Products;
			sourceTree = "<group>";
		};
		617974CB21549FDE00142DD9 /* QNYGKit */ = {
			isa = PBXGroup;
			children = (
				61062F76215B607800C279D9 /* QNFlexBoxLayout */,
				61062F59215B579200C279D9 /* QNLayoutBase */,
				61062F67215B590100C279D9 /* QNFeed */,
				3C32B1AB217C58AB00DF30FB /* Images */,
				3C32B1B2217C9B4A00DF30FB /* Utils */,
				617974CC21549FDE00142DD9 /* AppDelegate.h */,
				617974CD21549FDE00142DD9 /* AppDelegate.m */,
				617974CF21549FDE00142DD9 /* ViewController.h */,
				617974D021549FDE00142DD9 /* ViewController.m */,
				617974D221549FDE00142DD9 /* Main.storyboard */,
				617974D821549FE000142DD9 /* Assets.xcassets */,
				617974DA21549FE000142DD9 /* LaunchScreen.storyboard */,
				617974DD21549FE000142DD9 /* Info.plist */,
				617974DE21549FE000142DD9 /* main.m */,
				617974D521549FDE00142DD9 /* QNYGKit.xcdatamodeld */,
			);
			path = QNYGKit;
			sourceTree = "<group>";
		};
		617974E721549FE000142DD9 /* QNYGKitTests */ = {
			isa = PBXGroup;
			children = (
				617974E821549FE000142DD9 /* QNYGKitTests.m */,
				617974EA21549FE000142DD9 /* Info.plist */,
			);
			path = QNYGKitTests;
			sourceTree = "<group>";
		};
		617974F221549FE000142DD9 /* QNYGKitUITests */ = {
			isa = PBXGroup;
			children = (
				617974F321549FE000142DD9 /* QNYGKitUITests.m */,
				617974F521549FE000142DD9 /* Info.plist */,
			);
			path = QNYGKitUITests;
			sourceTree = "<group>";
		};
/* End PBXGroup section */

/* Begin PBXNativeTarget section */
		617974C821549FDE00142DD9 /* QNYGKit */ = {
			isa = PBXNativeTarget;
			buildConfigurationList = 617974F821549FE000142DD9 /* Build configuration list for PBXNativeTarget "QNYGKit" */;
			buildPhases = (
				617974C521549FDE00142DD9 /* Sources */,
				617974C621549FDE00142DD9 /* Frameworks */,
				617974C721549FDE00142DD9 /* Resources */,
				3C35EFCE21F498A000196F85 /* ShellScript */,
			);
			buildRules = (
			);
			dependencies = (
			);
			name = QNYGKit;
			productName = QNYGKit;
			productReference = 617974C921549FDE00142DD9 /* QNYGKit.app */;
			productType = "com.apple.product-type.application";
		};
		617974E321549FE000142DD9 /* QNYGKitTests */ = {
			isa = PBXNativeTarget;
			buildConfigurationList = 617974FB21549FE000142DD9 /* Build configuration list for PBXNativeTarget "QNYGKitTests" */;
			buildPhases = (
				617974E021549FE000142DD9 /* Sources */,
				617974E121549FE000142DD9 /* Frameworks */,
				617974E221549FE000142DD9 /* Resources */,
			);
			buildRules = (
			);
			dependencies = (
				617974E621549FE000142DD9 /* PBXTargetDependency */,
			);
			name = QNYGKitTests;
			productName = QNYGKitTests;
			productReference = 617974E421549FE000142DD9 /* QNYGKitTests.xctest */;
			productType = "com.apple.product-type.bundle.unit-test";
		};
		617974EE21549FE000142DD9 /* QNYGKitUITests */ = {
			isa = PBXNativeTarget;
			buildConfigurationList = 617974FE21549FE000142DD9 /* Build configuration list for PBXNativeTarget "QNYGKitUITests" */;
			buildPhases = (
				617974EB21549FE000142DD9 /* Sources */,
				617974EC21549FE000142DD9 /* Frameworks */,
				617974ED21549FE000142DD9 /* Resources */,
			);
			buildRules = (
			);
			dependencies = (
				617974F121549FE000142DD9 /* PBXTargetDependency */,
			);
			name = QNYGKitUITests;
			productName = QNYGKitUITests;
			productReference = 617974EF21549FE000142DD9 /* QNYGKitUITests.xctest */;
			productType = "com.apple.product-type.bundle.ui-testing";
		};
/* End PBXNativeTarget section */

/* Begin PBXProject section */
		617974C121549FDE00142DD9 /* Project object */ = {
			isa = PBXProject;
			attributes = {
				LastUpgradeCheck = 0940;
				ORGANIZATIONNAME = jayhuan;
				TargetAttributes = {
					617974C821549FDE00142DD9 = {
						CreatedOnToolsVersion = 9.4.1;
					};
					617974E321549FE000142DD9 = {
						CreatedOnToolsVersion = 9.4.1;
						TestTargetID = 617974C821549FDE00142DD9;
					};
					617974EE21549FE000142DD9 = {
						CreatedOnToolsVersion = 9.4.1;
						TestTargetID = 617974C821549FDE00142DD9;
					};
				};
			};
			buildConfigurationList = 617974C421549FDE00142DD9 /* Build configuration list for PBXProject "QNYGKit" */;
			compatibilityVersion = "Xcode 9.3";
			developmentRegion = en;
			hasScannedForEncodings = 0;
			knownRegions = (
				en,
				Base,
			);
			mainGroup = 617974C021549FDE00142DD9;
			productRefGroup = 617974CA21549FDE00142DD9 /* Products */;
			projectDirPath = "";
			projectRoot = "";
			targets = (
				617974C821549FDE00142DD9 /* QNYGKit */,
				617974E321549FE000142DD9 /* QNYGKitTests */,
				617974EE21549FE000142DD9 /* QNYGKitUITests */,
			);
		};
/* End PBXProject section */

/* Begin PBXResourcesBuildPhase section */
		617974C721549FDE00142DD9 /* Resources */ = {
			isa = PBXResourcesBuildPhase;
			buildActionMask = 2147483647;
			files = (
				3C32B1B0217C59AA00DF30FB /* moment_picB@2x.png in Resources */,
				3CF7BB352198046F00BE74CD /* news_logo.jpg in Resources */,
				617974DC21549FE000142DD9 /* LaunchScreen.storyboard in Resources */,
				617974D921549FE000142DD9 /* Assets.xcassets in Resources */,
				617974D421549FDE00142DD9 /* Main.storyboard in Resources */,
				3C32B1B1217C59AA00DF30FB /* moment_picA@2x.png in Resources */,
				3C32B1AF217C59AA00DF30FB /* moment_picC@2x.png in Resources */,
				61062F75215B5B1600C279D9 /* data.json in Resources */,
			);
			runOnlyForDeploymentPostprocessing = 0;
		};
		617974E221549FE000142DD9 /* Resources */ = {
			isa = PBXResourcesBuildPhase;
			buildActionMask = 2147483647;
			files = (
			);
			runOnlyForDeploymentPostprocessing = 0;
		};
		617974ED21549FE000142DD9 /* Resources */ = {
			isa = PBXResourcesBuildPhase;
			buildActionMask = 2147483647;
			files = (
			);
			runOnlyForDeploymentPostprocessing = 0;
		};
/* End PBXResourcesBuildPhase section */

/* Begin PBXShellScriptBuildPhase section */
		3C35EFCE21F498A000196F85 /* ShellScript */ = {
			isa = PBXShellScriptBuildPhase;
			buildActionMask = 2147483647;
			files = (
			);
			inputFileListPaths = (
			);
			inputPaths = (
			);
			outputFileListPaths = (
			);
			outputPaths = (
			);
			runOnlyForDeploymentPostprocessing = 0;
			shellPath = /bin/sh;
			shellScript = "# Type a script or drag a script file from your workspace to insert its path.\n";
		};
/* End PBXShellScriptBuildPhase section */

/* Begin PBXSourcesBuildPhase section */
		617974C521549FDE00142DD9 /* Sources */ = {
			isa = PBXSourcesBuildPhase;
			buildActionMask = 2147483647;
			files = (
				3C32B1AA217C4E8200DF30FB /* UIView+ZJ.m in Sources */,
				617974D121549FDE00142DD9 /* ViewController.m in Sources */,
				617974CE21549FDE00142DD9 /* AppDelegate.m in Sources */,
				3C05149A21EDA28D005A2362 /* QNLayoutFixedSizeVirtualView.m in Sources */,
				61062F55215B505300C279D9 /* UIView+QNLayout.m in Sources */,
				61062F73215B5A3700C279D9 /* QNFeedView.m in Sources */,
				617974DF21549FE000142DD9 /* main.m in Sources */,
				3C35674621CD1D9B006342D8 /* UILabel+Chainable.m in Sources */,
				3C0AD586217D83510029F680 /* QNAsyncLayoutTransaction.m in Sources */,
				617975102154A45100142DD9 /* QNLayoutCache.m in Sources */,
				3CD84086218414FE0037E673 /* QNFeedViewLayoutModel.m in Sources */,
				3C35674421CD1D9B006342D8 /* UIView+Chainable.m in Sources */,
				61062F6A215B592E00C279D9 /* QNFeedModel.m in Sources */,
				617975092154A10E00142DD9 /* Yoga.c in Sources */,
				3C05149821EDA28D005A2362 /* QNLayoutTextVirtualView.m in Sources */,
				3C6DE0232165ADFF00BDC6E6 /* QNBaseDataModel.m in Sources */,
				3C35674721CD1D9B006342D8 /* UIButton+Chainable.m in Sources */,
				61062F6D215B599600C279D9 /* QNFeedViewDataModel.m in Sources */,
				6179750C2154A18E00142DD9 /* QNLayout.m in Sources */,
				3C35674521CD1D9B006342D8 /* UIImageView+Chainable.m in Sources */,
				3CD840832184125C0037E673 /* QNBaseLayoutModel.m in Sources */,
				61062F66215B57B100C279D9 /* QNBaseViewModel.m in Sources */,
				61062F70215B59F700C279D9 /* QNFeedViewModel.m in Sources */,
				61062F65215B57B100C279D9 /* QNBaseView.m in Sources */,
				617975082154A10E00142DD9 /* YGNodeList.c in Sources */,
				3C05149921EDA28D005A2362 /* QNLayoutVirtualView.m in Sources */,
				617974D721549FDE00142DD9 /* QNYGKit.xcdatamodeld in Sources */,
				3C6DE0262165AF0700BDC6E6 /* QNBaseModel.m in Sources */,
				61062F64215B57B100C279D9 /* QNViewModelItem.m in Sources */,
			);
			runOnlyForDeploymentPostprocessing = 0;
		};
		617974E021549FE000142DD9 /* Sources */ = {
			isa = PBXSourcesBuildPhase;
			buildActionMask = 2147483647;
			files = (
				617974E921549FE000142DD9 /* QNYGKitTests.m in Sources */,
			);
			runOnlyForDeploymentPostprocessing = 0;
		};
		617974EB21549FE000142DD9 /* Sources */ = {
			isa = PBXSourcesBuildPhase;
			buildActionMask = 2147483647;
			files = (
				617974F421549FE000142DD9 /* QNYGKitUITests.m in Sources */,
			);
			runOnlyForDeploymentPostprocessing = 0;
		};
/* End PBXSourcesBuildPhase section */

/* Begin PBXTargetDependency section */
		617974E621549FE000142DD9 /* PBXTargetDependency */ = {
			isa = PBXTargetDependency;
			target = 617974C821549FDE00142DD9 /* QNYGKit */;
			targetProxy = 617974E521549FE000142DD9 /* PBXContainerItemProxy */;
		};
		617974F121549FE000142DD9 /* PBXTargetDependency */ = {
			isa = PBXTargetDependency;
			target = 617974C821549FDE00142DD9 /* QNYGKit */;
			targetProxy = 617974F021549FE000142DD9 /* PBXContainerItemProxy */;
		};
/* End PBXTargetDependency section */

/* Begin PBXVariantGroup section */
		617974D221549FDE00142DD9 /* Main.storyboard */ = {
			isa = PBXVariantGroup;
			children = (
				617974D321549FDE00142DD9 /* Base */,
			);
			name = Main.storyboard;
			sourceTree = "<group>";
		};
		617974DA21549FE000142DD9 /* LaunchScreen.storyboard */ = {
			isa = PBXVariantGroup;
			children = (
				617974DB21549FE000142DD9 /* Base */,
			);
			name = LaunchScreen.storyboard;
			sourceTree = "<group>";
		};
/* End PBXVariantGroup section */

/* Begin XCBuildConfiguration section */
		617974F621549FE000142DD9 /* Debug */ = {
			isa = XCBuildConfiguration;
			buildSettings = {
				ALWAYS_SEARCH_USER_PATHS = NO;
				CLANG_ANALYZER_NONNULL = YES;
				CLANG_ANALYZER_NUMBER_OBJECT_CONVERSION = YES_AGGRESSIVE;
				CLANG_CXX_LANGUAGE_STANDARD = "gnu++14";
				CLANG_CXX_LIBRARY = "libc++";
				CLANG_ENABLE_MODULES = YES;
				CLANG_ENABLE_OBJC_ARC = YES;
				CLANG_ENABLE_OBJC_WEAK = YES;
				CLANG_WARN_BLOCK_CAPTURE_AUTORELEASING = YES;
				CLANG_WARN_BOOL_CONVERSION = YES;
				CLANG_WARN_COMMA = YES;
				CLANG_WARN_CONSTANT_CONVERSION = YES;
				CLANG_WARN_DEPRECATED_OBJC_IMPLEMENTATIONS = YES;
				CLANG_WARN_DIRECT_OBJC_ISA_USAGE = YES_ERROR;
				CLANG_WARN_DOCUMENTATION_COMMENTS = YES;
				CLANG_WARN_EMPTY_BODY = YES;
				CLANG_WARN_ENUM_CONVERSION = YES;
				CLANG_WARN_INFINITE_RECURSION = YES;
				CLANG_WARN_INT_CONVERSION = YES;
				CLANG_WARN_NON_LITERAL_NULL_CONVERSION = YES;
				CLANG_WARN_OBJC_IMPLICIT_RETAIN_SELF = YES;
				CLANG_WARN_OBJC_LITERAL_CONVERSION = YES;
				CLANG_WARN_OBJC_ROOT_CLASS = YES_ERROR;
				CLANG_WARN_RANGE_LOOP_ANALYSIS = YES;
				CLANG_WARN_STRICT_PROTOTYPES = YES;
				CLANG_WARN_SUSPICIOUS_MOVE = YES;
				CLANG_WARN_UNGUARDED_AVAILABILITY = YES_AGGRESSIVE;
				CLANG_WARN_UNREACHABLE_CODE = YES;
				CLANG_WARN__DUPLICATE_METHOD_MATCH = YES;
				CODE_SIGN_IDENTITY = "iPhone Developer";
				COPY_PHASE_STRIP = NO;
				DEBUG_INFORMATION_FORMAT = dwarf;
				ENABLE_STRICT_OBJC_MSGSEND = YES;
				ENABLE_TESTABILITY = YES;
				GCC_C_LANGUAGE_STANDARD = gnu11;
				GCC_DYNAMIC_NO_PIC = NO;
				GCC_NO_COMMON_BLOCKS = YES;
				GCC_OPTIMIZATION_LEVEL = 0;
				GCC_PREPROCESSOR_DEFINITIONS = (
					"DEBUG=1",
					"$(inherited)",
				);
				GCC_WARN_64_TO_32_BIT_CONVERSION = YES;
				GCC_WARN_ABOUT_RETURN_TYPE = YES_ERROR;
				GCC_WARN_UNDECLARED_SELECTOR = YES;
				GCC_WARN_UNINITIALIZED_AUTOS = YES_AGGRESSIVE;
				GCC_WARN_UNUSED_FUNCTION = YES;
				GCC_WARN_UNUSED_VARIABLE = YES;
				IPHONEOS_DEPLOYMENT_TARGET = 11.4;
				MTL_ENABLE_DEBUG_INFO = YES;
				ONLY_ACTIVE_ARCH = YES;
				SDKROOT = iphoneos;
			};
			name = Debug;
		};
		617974F721549FE000142DD9 /* Release */ = {
			isa = XCBuildConfiguration;
			buildSettings = {
				ALWAYS_SEARCH_USER_PATHS = NO;
				CLANG_ANALYZER_NONNULL = YES;
				CLANG_ANALYZER_NUMBER_OBJECT_CONVERSION = YES_AGGRESSIVE;
				CLANG_CXX_LANGUAGE_STANDARD = "gnu++14";
				CLANG_CXX_LIBRARY = "libc++";
				CLANG_ENABLE_MODULES = YES;
				CLANG_ENABLE_OBJC_ARC = YES;
				CLANG_ENABLE_OBJC_WEAK = YES;
				CLANG_WARN_BLOCK_CAPTURE_AUTORELEASING = YES;
				CLANG_WARN_BOOL_CONVERSION = YES;
				CLANG_WARN_COMMA = YES;
				CLANG_WARN_CONSTANT_CONVERSION = YES;
				CLANG_WARN_DEPRECATED_OBJC_IMPLEMENTATIONS = YES;
				CLANG_WARN_DIRECT_OBJC_ISA_USAGE = YES_ERROR;
				CLANG_WARN_DOCUMENTATION_COMMENTS = YES;
				CLANG_WARN_EMPTY_BODY = YES;
				CLANG_WARN_ENUM_CONVERSION = YES;
				CLANG_WARN_INFINITE_RECURSION = YES;
				CLANG_WARN_INT_CONVERSION = YES;
				CLANG_WARN_NON_LITERAL_NULL_CONVERSION = YES;
				CLANG_WARN_OBJC_IMPLICIT_RETAIN_SELF = YES;
				CLANG_WARN_OBJC_LITERAL_CONVERSION = YES;
				CLANG_WARN_OBJC_ROOT_CLASS = YES_ERROR;
				CLANG_WARN_RANGE_LOOP_ANALYSIS = YES;
				CLANG_WARN_STRICT_PROTOTYPES = YES;
				CLANG_WARN_SUSPICIOUS_MOVE = YES;
				CLANG_WARN_UNGUARDED_AVAILABILITY = YES_AGGRESSIVE;
				CLANG_WARN_UNREACHABLE_CODE = YES;
				CLANG_WARN__DUPLICATE_METHOD_MATCH = YES;
				CODE_SIGN_IDENTITY = "iPhone Developer";
				COPY_PHASE_STRIP = NO;
				DEBUG_INFORMATION_FORMAT = "dwarf-with-dsym";
				ENABLE_NS_ASSERTIONS = NO;
				ENABLE_STRICT_OBJC_MSGSEND = YES;
				GCC_C_LANGUAGE_STANDARD = gnu11;
				GCC_NO_COMMON_BLOCKS = YES;
				GCC_WARN_64_TO_32_BIT_CONVERSION = YES;
				GCC_WARN_ABOUT_RETURN_TYPE = YES_ERROR;
				GCC_WARN_UNDECLARED_SELECTOR = YES;
				GCC_WARN_UNINITIALIZED_AUTOS = YES_AGGRESSIVE;
				GCC_WARN_UNUSED_FUNCTION = YES;
				GCC_WARN_UNUSED_VARIABLE = YES;
				IPHONEOS_DEPLOYMENT_TARGET = 11.4;
				MTL_ENABLE_DEBUG_INFO = NO;
				SDKROOT = iphoneos;
				VALIDATE_PRODUCT = YES;
			};
			name = Release;
		};
		617974F921549FE000142DD9 /* Debug */ = {
			isa = XCBuildConfiguration;
			buildSettings = {
				ASSETCATALOG_COMPILER_APPICON_NAME = AppIcon;
				CODE_SIGN_STYLE = Automatic;
				INFOPLIST_FILE = QNYGKit/Info.plist;
				LD_RUNPATH_SEARCH_PATHS = (
					"$(inherited)",
					"@executable_path/Frameworks",
				);
				PRODUCT_BUNDLE_IDENTIFIER = tencent.QNYGKit;
				PRODUCT_NAME = "$(TARGET_NAME)";
				TARGETED_DEVICE_FAMILY = "1,2";
			};
			name = Debug;
		};
		617974FA21549FE000142DD9 /* Release */ = {
			isa = XCBuildConfiguration;
			buildSettings = {
				ASSETCATALOG_COMPILER_APPICON_NAME = AppIcon;
				CODE_SIGN_STYLE = Automatic;
				INFOPLIST_FILE = QNYGKit/Info.plist;
				LD_RUNPATH_SEARCH_PATHS = (
					"$(inherited)",
					"@executable_path/Frameworks",
				);
				PRODUCT_BUNDLE_IDENTIFIER = tencent.QNYGKit;
				PRODUCT_NAME = "$(TARGET_NAME)";
				TARGETED_DEVICE_FAMILY = "1,2";
			};
			name = Release;
		};
		617974FC21549FE000142DD9 /* Debug */ = {
			isa = XCBuildConfiguration;
			buildSettings = {
				BUNDLE_LOADER = "$(TEST_HOST)";
				CODE_SIGN_STYLE = Automatic;
				INFOPLIST_FILE = QNYGKitTests/Info.plist;
				LD_RUNPATH_SEARCH_PATHS = (
					"$(inherited)",
					"@executable_path/Frameworks",
					"@loader_path/Frameworks",
				);
				PRODUCT_BUNDLE_IDENTIFIER = tencent.QNYGKitTests;
				PRODUCT_NAME = "$(TARGET_NAME)";
				TARGETED_DEVICE_FAMILY = "1,2";
				TEST_HOST = "$(BUILT_PRODUCTS_DIR)/QNYGKit.app/QNYGKit";
			};
			name = Debug;
		};
		617974FD21549FE000142DD9 /* Release */ = {
			isa = XCBuildConfiguration;
			buildSettings = {
				BUNDLE_LOADER = "$(TEST_HOST)";
				CODE_SIGN_STYLE = Automatic;
				INFOPLIST_FILE = QNYGKitTests/Info.plist;
				LD_RUNPATH_SEARCH_PATHS = (
					"$(inherited)",
					"@executable_path/Frameworks",
					"@loader_path/Frameworks",
				);
				PRODUCT_BUNDLE_IDENTIFIER = tencent.QNYGKitTests;
				PRODUCT_NAME = "$(TARGET_NAME)";
				TARGETED_DEVICE_FAMILY = "1,2";
				TEST_HOST = "$(BUILT_PRODUCTS_DIR)/QNYGKit.app/QNYGKit";
			};
			name = Release;
		};
		617974FF21549FE000142DD9 /* Debug */ = {
			isa = XCBuildConfiguration;
			buildSettings = {
				CODE_SIGN_STYLE = Automatic;
				INFOPLIST_FILE = QNYGKitUITests/Info.plist;
				LD_RUNPATH_SEARCH_PATHS = (
					"$(inherited)",
					"@executable_path/Frameworks",
					"@loader_path/Frameworks",
				);
				PRODUCT_BUNDLE_IDENTIFIER = tencent.QNYGKitUITests;
				PRODUCT_NAME = "$(TARGET_NAME)";
				TARGETED_DEVICE_FAMILY = "1,2";
				TEST_TARGET_NAME = QNYGKit;
			};
			name = Debug;
		};
		6179750021549FE000142DD9 /* Release */ = {
			isa = XCBuildConfiguration;
			buildSettings = {
				CODE_SIGN_STYLE = Automatic;
				INFOPLIST_FILE = QNYGKitUITests/Info.plist;
				LD_RUNPATH_SEARCH_PATHS = (
					"$(inherited)",
					"@executable_path/Frameworks",
					"@loader_path/Frameworks",
				);
				PRODUCT_BUNDLE_IDENTIFIER = tencent.QNYGKitUITests;
				PRODUCT_NAME = "$(TARGET_NAME)";
				TARGETED_DEVICE_FAMILY = "1,2";
				TEST_TARGET_NAME = QNYGKit;
			};
			name = Release;
		};
/* End XCBuildConfiguration section */

/* Begin XCConfigurationList section */
		617974C421549FDE00142DD9 /* Build configuration list for PBXProject "QNYGKit" */ = {
			isa = XCConfigurationList;
			buildConfigurations = (
				617974F621549FE000142DD9 /* Debug */,
				617974F721549FE000142DD9 /* Release */,
			);
			defaultConfigurationIsVisible = 0;
			defaultConfigurationName = Release;
		};
		617974F821549FE000142DD9 /* Build configuration list for PBXNativeTarget "QNYGKit" */ = {
			isa = XCConfigurationList;
			buildConfigurations = (
				617974F921549FE000142DD9 /* Debug */,
				617974FA21549FE000142DD9 /* Release */,
			);
			defaultConfigurationIsVisible = 0;
			defaultConfigurationName = Release;
		};
		617974FB21549FE000142DD9 /* Build configuration list for PBXNativeTarget "QNYGKitTests" */ = {
			isa = XCConfigurationList;
			buildConfigurations = (
				617974FC21549FE000142DD9 /* Debug */,
				617974FD21549FE000142DD9 /* Release */,
			);
			defaultConfigurationIsVisible = 0;
			defaultConfigurationName = Release;
		};
		617974FE21549FE000142DD9 /* Build configuration list for PBXNativeTarget "QNYGKitUITests" */ = {
			isa = XCConfigurationList;
			buildConfigurations = (
				617974FF21549FE000142DD9 /* Debug */,
				6179750021549FE000142DD9 /* Release */,
			);
			defaultConfigurationIsVisible = 0;
			defaultConfigurationName = Release;
		};
/* End XCConfigurationList section */

/* Begin XCVersionGroup section */
		617974D521549FDE00142DD9 /* QNYGKit.xcdatamodeld */ = {
			isa = XCVersionGroup;
			children = (
				617974D621549FDE00142DD9 /* QNYGKit.xcdatamodel */,
			);
			currentVersion = 617974D621549FDE00142DD9 /* QNYGKit.xcdatamodel */;
			path = QNYGKit.xcdatamodeld;
			sourceTree = "<group>";
			versionGroupType = wrapper.xcdatamodel;
		};
/* End XCVersionGroup section */
	};
	rootObject = 617974C121549FDE00142DD9 /* Project object */;
}
